lockfileVersion: '9.0'

settings:
  autoInstallPeers: true
  excludeLinksFromLockfile: false

importers:

  .:
    dependencies:
      '@verrou/core':
        specifier: ^0.5.1
        version: 0.5.1(tslib@2.8.1)
      env-var:
        specifier: ^7.5.0
        version: 7.5.0
      gramio:
        specifier: ^0.4.7
        version: 0.4.9(inspectable@3.0.2)
    devDependencies:
      '@biomejs/biome':
        specifier: ^1.9.4
        version: 1.9.4
      '@types/node':
        specifier: ^22.15.29
        version: 22.15.34
      typescript:
        specifier: ^5.8.3
        version: 5.8.3

packages:

  '@biomejs/biome@1.9.4':
    resolution: {integrity: sha512-1rkd7G70+o9KkTn5KLmDYXihGoTaIGO9PIIN2ZB7UJxFrWw04CZHPYiMRjYsaDvVV7hP1dYNRLxSANLaBFGpog==}
    engines: {node: '>=14.21.3'}
    hasBin: true

  '@biomejs/cli-darwin-arm64@1.9.4':
    resolution: {integrity: sha512-bFBsPWrNvkdKrNCYeAp+xo2HecOGPAy9WyNyB/jKnnedgzl4W4Hb9ZMzYNbf8dMCGmUdSavlYHiR01QaYR58cw==}
    engines: {node: '>=14.21.3'}
    cpu: [arm64]
    os: [darwin]

  '@biomejs/cli-darwin-x64@1.9.4':
    resolution: {integrity: sha512-ngYBh/+bEedqkSevPVhLP4QfVPCpb+4BBe2p7Xs32dBgs7rh9nY2AIYUL6BgLw1JVXV8GlpKmb/hNiuIxfPfZg==}
    engines: {node: '>=14.21.3'}
    cpu: [x64]
    os: [darwin]

  '@biomejs/cli-linux-arm64-musl@1.9.4':
    resolution: {integrity: sha512-v665Ct9WCRjGa8+kTr0CzApU0+XXtRgwmzIf1SeKSGAv+2scAlW6JR5PMFo6FzqqZ64Po79cKODKf3/AAmECqA==}
    engines: {node: '>=14.21.3'}
    cpu: [arm64]
    os: [linux]

  '@biomejs/cli-linux-arm64@1.9.4':
    resolution: {integrity: sha512-fJIW0+LYujdjUgJJuwesP4EjIBl/N/TcOX3IvIHJQNsAqvV2CHIogsmA94BPG6jZATS4Hi+xv4SkBBQSt1N4/g==}
    engines: {node: '>=14.21.3'}
    cpu: [arm64]
    os: [linux]

  '@biomejs/cli-linux-x64-musl@1.9.4':
    resolution: {integrity: sha512-gEhi/jSBhZ2m6wjV530Yy8+fNqG8PAinM3oV7CyO+6c3CEh16Eizm21uHVsyVBEB6RIM8JHIl6AGYCv6Q6Q9Tg==}
    engines: {node: '>=14.21.3'}
    cpu: [x64]
    os: [linux]

  '@biomejs/cli-linux-x64@1.9.4':
    resolution: {integrity: sha512-lRCJv/Vi3Vlwmbd6K+oQ0KhLHMAysN8lXoCI7XeHlxaajk06u7G+UsFSO01NAs5iYuWKmVZjmiOzJ0OJmGsMwg==}
    engines: {node: '>=14.21.3'}
    cpu: [x64]
    os: [linux]

  '@biomejs/cli-win32-arm64@1.9.4':
    resolution: {integrity: sha512-tlbhLk+WXZmgwoIKwHIHEBZUwxml7bRJgk0X2sPyNR3S93cdRq6XulAZRQJ17FYGGzWne0fgrXBKpl7l4M87Hg==}
    engines: {node: '>=14.21.3'}
    cpu: [arm64]
    os: [win32]

  '@biomejs/cli-win32-x64@1.9.4':
    resolution: {integrity: sha512-8Y5wMhVIPaWe6jw2H+KlEm4wP/f7EW3810ZLmDlrEEy5KvBsb9ECEfu/kMWD484ijfQ8+nIi0giMgu9g1UAuuA==}
    engines: {node: '>=14.21.3'}
    cpu: [x64]
    os: [win32]

  '@gramio/callback-data@0.0.3':
    resolution: {integrity: sha512-fL+fo3c58dIE6cl2yEoG9E4Y+mT+zvpw7PXImcATFVdRcK4mnuDzzxyOOibopzjKNszlHQZXYJer515kBr81RQ==}

  '@gramio/contexts@0.2.5':
    resolution: {integrity: sha512-Pl7jvcyM1nhMo8Ud5aSM6Sl8E1xXxj2n7NI43FI3yK0N375c49fzw2E5fQ8bCLwbVGOzMwFsh985gv79AgLADg==}
    peerDependencies:
      '@gramio/types': ^9.0.0
      inspectable: ^3.0.1

  '@gramio/files@0.3.0':
    resolution: {integrity: sha512-ZdrwRm57xxWzQ+KxGB5V2aC6raZ9B0yZavkPhd0JzKFUkKS1jbeG3W35qQxdlZZLtD9aeZbjwRAHk4VrRDbpqA==}

  '@gramio/format@0.2.1':
    resolution: {integrity: sha512-amkEu4pIPETTp28+M63qFfenNwFJ++0dzXBlX1FjHROXqqsIO03YR16/ACdsh9qlBxooA/80DiSH+bcNzDPhww==}

  '@gramio/keyboards@1.2.1':
    resolution: {integrity: sha512-HqCJl9HmLTvckA2fMRc+mC258vBr2zKfMqvFEGEgaeauIIP4n8TTT9GU4YCqVFTGTzGA5I6gnfk87dGZuSP6vA==}

  '@gramio/types@9.0.3':
    resolution: {integrity: sha512-GinRVfBXlSFhsUpJPSGWrn23Fi2ieqt1wyCRgGgbIIMuqUjB8+cGasqrCbAmwT/YqKeq1XYn0VCsCHpOVwhCaA==}

  '@lukeed/ms@2.0.2':
    resolution: {integrity: sha512-9I2Zn6+NJLfaGoz9jN3lpwDgAYvfGeNYdbAIjJOqzs4Tpc+VU3Jqq4IofSUBKajiDS8k9fZIg18/z13mpk1bsA==}
    engines: {node: '>=8'}

  '@poppinss/exception@1.2.1':
    resolution: {integrity: sha512-aQypoot0HPSJa6gDPEPTntc1GT6QINrSbgRlRhadGW2WaYqUK3tK4Bw9SBMZXhmxd3GeAlZjVcODHgiu+THY7A==}
    engines: {node: '>=18'}

  '@poppinss/object-builder@1.1.0':
    resolution: {integrity: sha512-FOrOq52l7u8goR5yncX14+k+Ewi5djnrt1JwXeS/FvnwAPOiveFhiczCDuvXdssAwamtrV2hp5Rw9v+n2T7hQg==}
    engines: {node: '>=20.6.0'}

  '@poppinss/string@1.6.0':
    resolution: {integrity: sha512-HfAf9VqTvo31BsruwgwEauQ316RNODdryk6QgYZo4qTV50s0h1H9HmIr+QjwwI3u4Sz7r4Q1dd1EVaLB7pWlaw==}

  '@poppinss/utils@6.10.0':
    resolution: {integrity: sha512-IJWgX5KQ1KEG9NqVF4IsNTjyeJFnz03p2PRfBvttx4cyLB0QKOBdGy0Wbn1AkB7EPZ0gAFryO0bNqD2V9UgU/Q==}
    engines: {node: '>=18.16.0'}

  '@types/bytes@3.1.5':
    resolution: {integrity: sha512-VgZkrJckypj85YxEsEavcMmmSOIzkUHqWmM4CCyia5dc54YwsXzJ5uT4fYxBQNEXx+oF1krlhgCbvfubXqZYsQ==}

  '@types/node@22.15.34':
    resolution: {integrity: sha512-8Y6E5WUupYy1Dd0II32BsWAx5MWdcnRd8L84Oys3veg1YrYtNtzgO4CFhiBg6MDSjk7Ay36HYOnU7/tuOzIzcw==}

  '@types/pluralize@0.0.33':
    resolution: {integrity: sha512-JOqsl+ZoCpP4e8TDke9W79FDcSgPAR0l6pixx2JHkhnRjvShyYiAYw2LVsnA7K08Y6DeOnaU6ujmENO4os/cYg==}

  '@verrou/core@0.5.1':
    resolution: {integrity: sha512-A/hMtOSBgXKfYWFrLJAsqiE4VwvyaYW0thf7kdkAhBBdDVIr50o45tONjJ21EIjRi7s1G7A2zWwtzhrHnycoiQ==}
    peerDependencies:
      '@aws-sdk/client-dynamodb': ^3.484.0
      ioredis: ^5.3.2
    peerDependenciesMeta:
      '@aws-sdk/client-dynamodb':
        optional: true
      ioredis:
        optional: true

  async-mutex@0.5.0:
    resolution: {integrity: sha512-1A94B18jkJ3DYq284ohPxoXbfTA5HsQ7/Mf4DEhcyLx3Bz27Rh59iScbB6EPiP+B+joue6YCxcMXSbFC1tZKwA==}

  bytes@3.1.2:
    resolution: {integrity: sha512-/Nf7TyzTx6S3yRJObOAV7956r8cr2+Oj8AC5dt8wSP3BQAoeX58NoHyCU8P8zGkNXStjTSi6fzO6F0pBdcYbEg==}
    engines: {node: '>= 0.8'}

  case-anything@3.1.2:
    resolution: {integrity: sha512-wljhAjDDIv/hM2FzgJnYQg90AWmZMNtESCjTeLH680qTzdo0nErlCxOmgzgX4ZsZAtIvqHyD87ES8QyriXB+BQ==}
    engines: {node: '>=18'}

  debug@4.4.1:
    resolution: {integrity: sha512-KcKCqiftBJcZr++7ykoDIEwSa3XWowTfNPo92BYxjXiyYEVrUQh2aLyhxBCwww+heortUFxEJYcRzosstTEBYQ==}
    engines: {node: '>=6.0'}
    peerDependencies:
      supports-color: '*'
    peerDependenciesMeta:
      supports-color:
        optional: true

  env-var@7.5.0:
    resolution: {integrity: sha512-mKZOzLRN0ETzau2W2QXefbFjo5EF4yWq28OyKb9ICdeNhHJlOE/pHHnz4hdYJ9cNZXcJHo5xN4OT4pzuSHSNvA==}
    engines: {node: '>=10'}

  flattie@1.1.1:
    resolution: {integrity: sha512-9UbaD6XdAL97+k/n+N7JwX46K/M6Zc6KcFYskrYL8wbBV/Uyk0CTAMY0VT+qiK5PM7AIc9aTWYtq65U7T+aCNQ==}
    engines: {node: '>=8'}

  gramio@0.4.9:
    resolution: {integrity: sha512-wYCJIRK01ZoHh3kVfoLngcsmbiGeSrGpluosBi0PS34tArz9E1HoHC0BDx6RlteuJUqElG7lkBcBguyAuA8RAA==}

  inspectable@3.0.2:
    resolution: {integrity: sha512-XHygPjNXXe1TWQLlVdCYLejUklsGGo+XWS3Cn/RlkvnhkbZqcQxoXPrSh7Via5aATYJUMWVnrD5CbW2c+BtKMA==}
    engines: {node: '>=20.0.0'}

  middleware-io@2.8.1:
    resolution: {integrity: sha512-H0XftkexHKxxQsoCsItMzM7WU3S/rIFzL3T4guU8tWLKr7e5cVkdaZ+JQeeL+TB3OaHpqFi/ozYqQl69z2X6bg==}
    engines: {node: '>=12.0.0'}

  ms@2.1.3:
    resolution: {integrity: sha512-6FlzubTLZG3J2a/NVCAleEhjzq5oxgHyaCU9yYXvcLsvoVaHJq/s5xXI6/XXP6tz7R9xAOtHnSO/tXtF3WRTlA==}

  pluralize@8.0.0:
    resolution: {integrity: sha512-Nc3IT5yHzflTfbjgqWcCPpo7DaKy4FnpB0l/zCAW0Tc7jxAiuqSxHasntB3D7887LSrA93kDJ9IXovxJYxyLCA==}
    engines: {node: '>=4'}

  safe-stable-stringify@2.5.0:
    resolution: {integrity: sha512-b3rppTKm9T+PsVCBEOUR46GWI7fdOs00VKZ1+9c1EWDaDMvjQc6tUwuFyIprgGgTcWoVHSKrU8H31ZHA2e0RHA==}
    engines: {node: '>=10'}

  secure-json-parse@4.0.0:
    resolution: {integrity: sha512-dxtLJO6sc35jWidmLxo7ij+Eg48PM/kleBsxpC8QJE0qJICe+KawkDQmvCMZUr9u7WKVHgMW6vy3fQ7zMiFZMA==}

  slugify@1.6.6:
    resolution: {integrity: sha512-h+z7HKHYXj6wJU+AnS/+IH8Uh9fdcX1Lrhg1/VMdf9PwoBQXFcXiAdsy2tSK0P6gKwJLXp02r90ahUCqHk9rrw==}
    engines: {node: '>=8.0.0'}

  truncatise@0.0.8:
    resolution: {integrity: sha512-cXzueh9pzBCsLzhToB4X4gZCb3KYkrsAcBAX97JnazE74HOl3cpBJYEV7nabHeG/6/WXCU5Yujlde/WPBUwnsg==}

  tslib@2.8.1:
    resolution: {integrity: sha512-oJFu94HQb+KVduSUQL7wnpmqnfmLsOA/nAh6b6EH0wCEoK0/mPeXU6c3wKDV83MkOuHPRHtSXKKU99IBazS/2w==}

  typescript-log@2.0.0:
    resolution: {integrity: sha512-TyW8lmURJSo0yjBovEhESpah3haDYBgsnQRocBF4MQSDJSYs/DOmhjo2cpSrGyvD9OaX++dbbonq9TkIQeA+Bw==}
    peerDependencies:
      tslib: ^2.0.0

  typescript@5.8.3:
    resolution: {integrity: sha512-p1diW6TqL9L07nNxvRMM7hMMw4c5XOo/1ibL4aAIGmSAt9slTE1Xgw5KWuof2uTOvCg9BY7ZRi+GaF+7sfgPeQ==}
    engines: {node: '>=14.17'}
    hasBin: true

  undici-types@6.21.0:
    resolution: {integrity: sha512-iwDZqg0QAGrg9Rav5H4n0M64c3mkR59cJ6wQp+7C4nI0gsmExaedaYLNO44eT4AtBBwjbTiGPMlt2Md0T9H9JQ==}

snapshots:

  '@biomejs/biome@1.9.4':
    optionalDependencies:
      '@biomejs/cli-darwin-arm64': 1.9.4
      '@biomejs/cli-darwin-x64': 1.9.4
      '@biomejs/cli-linux-arm64': 1.9.4
      '@biomejs/cli-linux-arm64-musl': 1.9.4
      '@biomejs/cli-linux-x64': 1.9.4
      '@biomejs/cli-linux-x64-musl': 1.9.4
      '@biomejs/cli-win32-arm64': 1.9.4
      '@biomejs/cli-win32-x64': 1.9.4

  '@biomejs/cli-darwin-arm64@1.9.4':
    optional: true

  '@biomejs/cli-darwin-x64@1.9.4':
    optional: true

  '@biomejs/cli-linux-arm64-musl@1.9.4':
    optional: true

  '@biomejs/cli-linux-arm64@1.9.4':
    optional: true

  '@biomejs/cli-linux-x64-musl@1.9.4':
    optional: true

  '@biomejs/cli-linux-x64@1.9.4':
    optional: true

  '@biomejs/cli-win32-arm64@1.9.4':
    optional: true

  '@biomejs/cli-win32-x64@1.9.4':
    optional: true

  '@gramio/callback-data@0.0.3': {}

  '@gramio/contexts@0.2.5(@gramio/types@9.0.3)(inspectable@3.0.2)':
    dependencies:
      '@gramio/types': 9.0.3
      inspectable: 3.0.2

  '@gramio/files@0.3.0':
    dependencies:
      '@gramio/types': 9.0.3

  '@gramio/format@0.2.1':
    dependencies:
      '@gramio/types': 9.0.3

  '@gramio/keyboards@1.2.1':
    dependencies:
      '@gramio/types': 9.0.3

  '@gramio/types@9.0.3': {}

  '@lukeed/ms@2.0.2': {}

  '@poppinss/exception@1.2.1': {}

  '@poppinss/object-builder@1.1.0': {}

  '@poppinss/string@1.6.0':
    dependencies:
      '@lukeed/ms': 2.0.2
      '@types/bytes': 3.1.5
      '@types/pluralize': 0.0.33
      bytes: 3.1.2
      case-anything: 3.1.2
      pluralize: 8.0.0
      slugify: 1.6.6
      truncatise: 0.0.8

  '@poppinss/utils@6.10.0':
    dependencies:
      '@poppinss/exception': 1.2.1
      '@poppinss/object-builder': 1.1.0
      '@poppinss/string': 1.6.0
      flattie: 1.1.1
      safe-stable-stringify: 2.5.0
      secure-json-parse: 4.0.0

  '@types/bytes@3.1.5': {}

  '@types/node@22.15.34':
    dependencies:
      undici-types: 6.21.0

  '@types/pluralize@0.0.33': {}

  '@verrou/core@0.5.1(tslib@2.8.1)':
    dependencies:
      '@lukeed/ms': 2.0.2
      '@poppinss/utils': 6.10.0
      async-mutex: 0.5.0
      typescript-log: 2.0.0(tslib@2.8.1)
    transitivePeerDependencies:
      - tslib

  async-mutex@0.5.0:
    dependencies:
      tslib: 2.8.1

  bytes@3.1.2: {}

  case-anything@3.1.2: {}

  debug@4.4.1:
    dependencies:
      ms: 2.1.3

  env-var@7.5.0: {}

  flattie@1.1.1: {}

  gramio@0.4.9(inspectable@3.0.2):
    dependencies:
      '@gramio/callback-data': 0.0.3
      '@gramio/contexts': 0.2.5(@gramio/types@9.0.3)(inspectable@3.0.2)
      '@gramio/files': 0.3.0
      '@gramio/format': 0.2.1
      '@gramio/keyboards': 1.2.1
      '@gramio/types': 9.0.3
      debug: 4.4.1
      middleware-io: 2.8.1
    transitivePeerDependencies:
      - inspectable
      - supports-color

  inspectable@3.0.2: {}

  middleware-io@2.8.1: {}

  ms@2.1.3: {}

  pluralize@8.0.0: {}

  safe-stable-stringify@2.5.0: {}

  secure-json-parse@4.0.0: {}

  slugify@1.6.6: {}

  truncatise@0.0.8: {}

  tslib@2.8.1: {}

  typescript-log@2.0.0(tslib@2.8.1):
    dependencies:
      tslib: 2.8.1

  typescript@5.8.3: {}

  undici-types@6.21.0: {}
